
Microsoft Visual Studio Solution File, Format Version 12.00
# Visual Studio 15
VisualStudioVersion = 15.0.26124.0
MinimumVisualStudioVersion = 15.0.26124.0
Project("{FAE04EC0-301F-11D3-BF4B-00C04F79EFBC}") = "MyCalcTest", "MyCalcTest\MyCalcTest.csproj", "{3326D91D-03B9-4B5D-8B26-1F2EFA654A2D}"
EndProject
Project("{FAE04EC0-301F-11D3-BF4B-00C04F79EFBC}") = "MyCalc", "MyCalc\MyCalc.csproj", "{6C6E81BA-C455-4103-ACB4-9A09BC6A6097}"
EndProject
Global
	GlobalSection(SolutionConfigurationPlatforms) = preSolution
		Debug|Any CPU = Debug|Any CPU
		Debug|x64 = Debug|x64
		Debug|x86 = Debug|x86
		Release|Any CPU = Release|Any CPU
		Release|x64 = Release|x64
		Release|x86 = Release|x86
	EndGlobalSection
	GlobalSection(SolutionProperties) = preSolution
		HideSolutionNode = FALSE
	EndGlobalSection
	GlobalSection(ProjectConfigurationPlatforms) = postSolution
		{3326D91D-03B9-4B5D-8B26-1F2EFA654A2D}.Debug|Any CPU.ActiveCfg = Debug|Any CPU
		{3326D91D-03B9-4B5D-8B26-1F2EFA654A2D}.Debug|Any CPU.Build.0 = Debug|Any CPU
		{3326D91D-03B9-4B5D-8B26-1F2EFA654A2D}.Debug|x64.ActiveCfg = Debug|Any CPU
		{3326D91D-03B9-4B5D-8B26-1F2EFA654A2D}.Debug|x64.Build.0 = Debug|Any CPU
		{3326D91D-03B9-4B5D-8B26-1F2EFA654A2D}.Debug|x86.ActiveCfg = Debug|Any CPU
		{3326D91D-03B9-4B5D-8B26-1F2EFA654A2D}.Debug|x86.Build.0 = Debug|Any CPU
		{3326D91D-03B9-4B5D-8B26-1F2EFA654A2D}.Release|Any CPU.ActiveCfg = Release|Any CPU
		{3326D91D-03B9-4B5D-8B26-1F2EFA654A2D}.Release|Any CPU.Build.0 = Release|Any CPU
		{3326D91D-03B9-4B5D-8B26-1F2EFA654A2D}.Release|x64.ActiveCfg = Release|Any CPU
		{3326D91D-03B9-4B5D-8B26-1F2EFA654A2D}.Release|x64.Build.0 = Release|Any CPU
		{3326D91D-03B9-4B5D-8B26-1F2EFA654A2D}.Release|x86.ActiveCfg = Release|Any CPU
		{3326D91D-03B9-4B5D-8B26-1F2EFA654A2D}.Release|x86.Build.0 = Release|Any CPU
		{6C6E81BA-C455-4103-ACB4-9A09BC6A6097}.Debug|Any CPU.ActiveCfg = Debug|Any CPU
		{6C6E81BA-C455-4103-ACB4-9A09BC6A6097}.Debug|Any CPU.Build.0 = Debug|Any CPU
		{6C6E81BA-C455-4103-ACB4-9A09BC6A6097}.Debug|x64.ActiveCfg = Debug|Any CPU
		{6C6E81BA-C455-4103-ACB4-9A09BC6A6097}.Debug|x64.Build.0 = Debug|Any CPU
		{6C6E81BA-C455-4103-ACB4-9A09BC6A6097}.Debug|x86.ActiveCfg = Debug|Any CPU
		{6C6E81BA-C455-4103-ACB4-9A09BC6A6097}.Debug|x86.Build.0 = Debug|Any CPU
		{6C6E81BA-C455-4103-ACB4-9A09BC6A6097}.Release|Any CPU.ActiveCfg = Release|Any CPU
		{6C6E81BA-C455-4103-ACB4-9A09BC6A6097}.Release|Any CPU.Build.0 = Release|Any CPU
		{6C6E81BA-C455-4103-ACB4-9A09BC6A6097}.Release|x64.ActiveCfg = Release|Any CPU
		{6C6E81BA-C455-4103-ACB4-9A09BC6A6097}.Release|x64.Build.0 = Release|Any CPU
		{6C6E81BA-C455-4103-ACB4-9A09BC6A6097}.Release|x86.ActiveCfg = Release|Any CPU
		{6C6E81BA-C455-4103-ACB4-9A09BC6A6097}.Release|x86.Build.0 = Release|Any CPU
	EndGlobalSection
EndGlobal
